{
  "originHash" : "7b8b9ea9bb4e4b3b2d3c6e7cb298d62bd3ec94d5847d664265037b1d84307a6c",
  "pins" : [
    {
      "identity" : "amazon-chime-sdk-ios-spm",
      "kind" : "remoteSourceControl",
      "location" : "https://github.com/aws/amazon-chime-sdk-ios-spm",
      "state" : {
        "branch" : "main",
        "revision" : "57aa172e2bd175af2a413e7d95ba0e0c7fedffe1"
      }
    }
  ],
  "version" : 3
}
